
Microsoft Visual Studio Solution File, Format Version 12.00
# Visual Studio 15
VisualStudioVersion = 15.0.28307.421
MinimumVisualStudioVersion = 10.0.40219.1
Project("{FAE04EC0-301F-11D3-BF4B-00C04F79EFBC}") = "homework7", "homework7\homework7.csproj", "{282363F5-FB56-496E-B596-18D06990146A}"
EndProject
Project("{FAE04EC0-301F-11D3-BF4B-00C04F79EFBC}") = "homework7Tests", "homework7Tests\homework7Tests.csproj", "{01E5746E-5549-4A1D-90BD-DEF1AC4E642C}"
EndProject
Project("{FAE04EC0-301F-11D3-BF4B-00C04F79EFBC}") = "hw5_15", "hw5_15\hw5_15.csproj", "{26BEFB5F-670E-4A7E-A9FF-5765DEF34546}"
EndProject
Global
	GlobalSection(SolutionConfigurationPlatforms) = preSolution
		Debug|Any CPU = Debug|Any CPU
		Release|Any CPU = Release|Any CPU
	EndGlobalSection
	GlobalSection(ProjectConfigurationPlatforms) = postSolution
		{282363F5-FB56-496E-B596-18D06990146A}.Debug|Any CPU.ActiveCfg = Debug|Any CPU
		{282363F5-FB56-496E-B596-18D06990146A}.Debug|Any CPU.Build.0 = Debug|Any CPU
		{282363F5-FB56-496E-B596-18D06990146A}.Release|Any CPU.ActiveCfg = Release|Any CPU
		{282363F5-FB56-496E-B596-18D06990146A}.Release|Any CPU.Build.0 = Release|Any CPU
		{01E5746E-5549-4A1D-90BD-DEF1AC4E642C}.Debug|Any CPU.ActiveCfg = Debug|Any CPU
		{01E5746E-5549-4A1D-90BD-DEF1AC4E642C}.Debug|Any CPU.Build.0 = Debug|Any CPU
		{01E5746E-5549-4A1D-90BD-DEF1AC4E642C}.Release|Any CPU.ActiveCfg = Release|Any CPU
		{01E5746E-5549-4A1D-90BD-DEF1AC4E642C}.Release|Any CPU.Build.0 = Release|Any CPU
		{26BEFB5F-670E-4A7E-A9FF-5765DEF34546}.Debug|Any CPU.ActiveCfg = Debug|Any CPU
		{26BEFB5F-670E-4A7E-A9FF-5765DEF34546}.Debug|Any CPU.Build.0 = Debug|Any CPU
		{26BEFB5F-670E-4A7E-A9FF-5765DEF34546}.Release|Any CPU.ActiveCfg = Release|Any CPU
		{26BEFB5F-670E-4A7E-A9FF-5765DEF34546}.Release|Any CPU.Build.0 = Release|Any CPU
	EndGlobalSection
	GlobalSection(SolutionProperties) = preSolution
		HideSolutionNode = FALSE
	EndGlobalSection
	GlobalSection(ExtensibilityGlobals) = postSolution
		SolutionGuid = {A63957F2-2633-409B-B263-AC7C889F21AB}
	EndGlobalSection
EndGlobal
